
Microsoft Visual Studio Solution File, Format Version 12.00
# Visual Studio Version 16
VisualStudioVersion = 16.0.33130.400
MinimumVisualStudioVersion = 10.0.40219.1
Project("{FAE04EC0-301F-11D3-BF4B-00C04F79EFBC}") = "Brave new world", "Brave new world\Brave new world.csproj", "{299DD6C0-CA37-4B0D-88E6-0DAE2ADAF416}"
EndProject
Global
	GlobalSection(SolutionConfigurationPlatforms) = preSolution
		Debug|Any CPU = Debug|Any CPU
		Release|Any CPU = Release|Any CPU
	EndGlobalSection
	GlobalSection(ProjectConfigurationPlatforms) = postSolution
		{299DD6C0-CA37-4B0D-88E6-0DAE2ADAF416}.Debug|Any CPU.ActiveCfg = Debug|Any CPU
		{299DD6C0-CA37-4B0D-88E6-0DAE2ADAF416}.Debug|Any CPU.Build.0 = Debug|Any CPU
		{299DD6C0-CA37-4B0D-88E6-0DAE2ADAF416}.Release|Any CPU.ActiveCfg = Release|Any CPU
		{299DD6C0-CA37-4B0D-88E6-0DAE2ADAF416}.Release|Any CPU.Build.0 = Release|Any CPU
	EndGlobalSection
	GlobalSection(SolutionProperties) = preSolution
		HideSolutionNode = FALSE
	EndGlobalSection
	GlobalSection(ExtensibilityGlobals) = postSolution
		SolutionGuid = {27F63D59-8087-45F6-9B5A-2190FA5481A5}
	EndGlobalSection
EndGlobal
